	<Project xmlns="http://schemas.microsoft.com/developer/msbuild/2003">
		<PropertyGroup>
			<ProjectGuid>{A384219D-7D27-4838-8D36-B801CB4234AE}</ProjectGuid>
			<MainSource>ResourceUtils120.dpk</MainSource>
			<ProjectVersion>11.1</ProjectVersion>
			<Config Condition="'$(Config)'==''">Debug</Config>
			<DCC_DCCCompiler>DCC32</DCC_DCCCompiler>
		</PropertyGroup>
		<PropertyGroup Condition="'$(Config)'=='Base' or '$(Base)'!=''">
			<Base>true</Base>
		</PropertyGroup>
		<PropertyGroup Condition="'$(Config)'=='Release' or '$(Cfg_1)'!=''">
			<Cfg_1>true</Cfg_1>
			<CfgParent>Base</CfgParent>
			<Base>true</Base>
		</PropertyGroup>
		<PropertyGroup Condition="'$(Config)'=='Debug' or '$(Cfg_2)'!=''">
			<Cfg_2>true</Cfg_2>
			<CfgParent>Base</CfgParent>
			<Base>true</Base>
		</PropertyGroup>
		<PropertyGroup Condition="'$(Base)'!=''">
			<DCC_SymbolReferenceInfo>1</DCC_SymbolReferenceInfo>
			<RuntimeOnlyPackage>true</RuntimeOnlyPackage>
			<GenDll>true</GenDll>
			<DCC_OutputNeverBuildDcps>true</DCC_OutputNeverBuildDcps>
			<GenPackage>true</GenPackage>
			<DesignOnlyPackage>false</DesignOnlyPackage>
			<DCC_ImageBase>00400000</DCC_ImageBase>
			<DCC_DependencyCheckOutputName>..\Bpl\ResourceUtils120.bpl</DCC_DependencyCheckOutputName>
		</PropertyGroup>
		<PropertyGroup Condition="'$(Cfg_1)'!=''">
			<DCC_SymbolReferenceInfo>0</DCC_SymbolReferenceInfo>
			<DCC_DebugInformation>false</DCC_DebugInformation>
			<DCC_Define>RELEASE;$(DCC_Define)</DCC_Define>
			<DCC_LocalDebugSymbols>false</DCC_LocalDebugSymbols>
		</PropertyGroup>
		<PropertyGroup Condition="'$(Cfg_2)'!=''">
			<DCC_Define>DEBUG;$(DCC_Define)</DCC_Define>
		</PropertyGroup>
		<ItemGroup>
			<DelphiCompile Include="ResourceUtils120.dpk">
				<MainSource>MainSource</MainSource>
			</DelphiCompile>
			<DCCReference Include="rtl.dcp"/>
			<DCCReference Include="vcl.dcp"/>
			<DCCReference Include="vclimg.dcp"/>
			<DCCReference Include="ImageTypes120.dcp"/>
			<DCCReference Include="LowLevel120.dcp"/>
			<DCCReference Include="unitResourceDetails.pas"/>
			<DCCReference Include="unitResFile.pas"/>
			<DCCReference Include="unitResourceGraphics.pas"/>
			<DCCReference Include="unitResourceMessages.pas"/>
			<DCCReference Include="unitResourceAccelerator.pas"/>
			<DCCReference Include="unitResourceGIF.pas"/>
			<DCCReference Include="unitResourceJPEG.pas"/>
			<DCCReference Include="unitResourceHTML.pas"/>
			<DCCReference Include="unitResourcePNG.pas"/>
			<DCCReference Include="unitResourceMenus.pas"/>
			<DCCReference Include="unitResourceDialogs.pas"/>
			<DCCReference Include="DialogConsts.pas"/>
			<DCCReference Include="unitResourceXPManifests.pas"/>
			<DCCReference Include="unitResourceRCData.pas"/>
			<DCCReference Include="unitResourceVersionInfo.pas"/>
			<DCCReference Include="unitResourceToolbar.pas"/>
			<DCCReference Include="unitResourceExaminer.pas"/>
			<DCCReference Include="unitPEFile.pas"/>
			<DCCReference Include="unitDisassembler.pas"/>
			<DCCReference Include="unitObjFile.pas"/>
			<DCCReference Include="unitPEModuleRW.pas"/>
			<DCCReference Include="unitNTModule.pas"/>
			<DCCReference Include="unitRCFile.pas"/>
			<DCCReference Include="unitParser.pas"/>
			<DCCReference Include="unitCExpression.pas"/>
			<DCCReference Include="LowLevel120containsunitResourceDetailsin.dcp"/>
			<BuildConfiguration Include="Base">
				<Key>Base</Key>
			</BuildConfiguration>
			<BuildConfiguration Include="Debug">
				<Key>Cfg_2</Key>
				<CfgParent>Base</CfgParent>
			</BuildConfiguration>
			<BuildConfiguration Include="Release">
				<Key>Cfg_1</Key>
				<CfgParent>Base</CfgParent>
			</BuildConfiguration>
		</ItemGroup>
		<Import Project="$(BDS)\Bin\CodeGear.Delphi.Targets" Condition="Exists('$(BDS)\Bin\CodeGear.Delphi.Targets')"/>
		<ProjectExtensions>
			<Borland.Personality>Delphi.Personality.12</Borland.Personality>
			<Borland.ProjectType>Package</Borland.ProjectType>
			<BorlandProject>
				<Delphi.Personality>
					<Source>
						<Source Name="MainSource">ResourceUtils120.dpk</Source>
					</Source>
					<Parameters>
						<Parameters Name="UseLauncher">False</Parameters>
						<Parameters Name="LoadAllSymbols">True</Parameters>
						<Parameters Name="LoadUnspecifiedSymbols">False</Parameters>
						<Parameters Name="HostApplication">C:\Users\Colin\Documents\RAD Studio\Units\RuntimePackagesTest.exe</Parameters>
					</Parameters>
					<VersionInfo>
						<VersionInfo Name="IncludeVerInfo">True</VersionInfo>
						<VersionInfo Name="AutoIncBuild">False</VersionInfo>
						<VersionInfo Name="MajorVer">1</VersionInfo>
						<VersionInfo Name="MinorVer">0</VersionInfo>
						<VersionInfo Name="Release">0</VersionInfo>
						<VersionInfo Name="Build">0</VersionInfo>
						<VersionInfo Name="Debug">False</VersionInfo>
						<VersionInfo Name="PreRelease">False</VersionInfo>
						<VersionInfo Name="Special">False</VersionInfo>
						<VersionInfo Name="Private">False</VersionInfo>
						<VersionInfo Name="DLL">False</VersionInfo>
						<VersionInfo Name="Locale">2057</VersionInfo>
						<VersionInfo Name="CodePage">1252</VersionInfo>
					</VersionInfo>
					<VersionInfoKeys>
						<VersionInfoKeys Name="CompanyName"/>
						<VersionInfoKeys Name="FileDescription"/>
						<VersionInfoKeys Name="FileVersion">1.0.0.0</VersionInfoKeys>
						<VersionInfoKeys Name="InternalName"/>
						<VersionInfoKeys Name="LegalCopyright"/>
						<VersionInfoKeys Name="LegalTrademarks"/>
						<VersionInfoKeys Name="OriginalFilename"/>
						<VersionInfoKeys Name="ProductName"/>
						<VersionInfoKeys Name="ProductVersion">1.0.0.0</VersionInfoKeys>
						<VersionInfoKeys Name="Comments"/>
					</VersionInfoKeys>
				</Delphi.Personality>
			</BorlandProject>
			<ProjectFileVersion>12</ProjectFileVersion>
		</ProjectExtensions>
	</Project>
